
Microsoft Visual Studio Solution File, Format Version 12.00
# Visual Studio 15
VisualStudioVersion = 15.0.26430.6
MinimumVisualStudioVersion = 10.0.40219.1
Project("{4DF76451-A46A-4C0B-BE03-459FAAFA07E6}") = "templates", "templates.mproj", "{1343A4D4-22A8-474C-893A-C23578C8DBBE}"
EndProject
Global
	GlobalSection(SolutionConfigurationPlatforms) = preSolution
		Debug|Any CPU = Debug|Any CPU
		Release|Any CPU = Release|Any CPU
	EndGlobalSection
	GlobalSection(ProjectConfigurationPlatforms) = postSolution
		{1343A4D4-22A8-474C-893A-C23578C8DBBE}.Debug|Any CPU.ActiveCfg = Debug|Any CPU
		{1343A4D4-22A8-474C-893A-C23578C8DBBE}.Debug|Any CPU.Build.0 = Debug|Any CPU
		{1343A4D4-22A8-474C-893A-C23578C8DBBE}.Release|Any CPU.ActiveCfg = Release|Any CPU
		{1343A4D4-22A8-474C-893A-C23578C8DBBE}.Release|Any CPU.Build.0 = Release|Any CPU
	EndGlobalSection
	GlobalSection(SolutionProperties) = preSolution
		HideSolutionNode = FALSE
	EndGlobalSection
EndGlobal
